
Microsoft Visual Studio Solution File, Format Version 10.00
# Visual Studio 2008
Project("{FAE04EC0-301F-11D3-BF4B-00C04F79EFBC}") = "校园卡管理系统", "校园卡管理系统\校园卡管理系统.csproj", "{3176141D-7A78-49AB-AD14-71C3C220A9D5}"
EndProject
Global
	GlobalSection(SolutionConfigurationPlatforms) = preSolution
		Debug|Any CPU = Debug|Any CPU
		Release|Any CPU = Release|Any CPU
	EndGlobalSection
	GlobalSection(ProjectConfigurationPlatforms) = postSolution
		{3176141D-7A78-49AB-AD14-71C3C220A9D5}.Debug|Any CPU.ActiveCfg = Debug|Any CPU
		{3176141D-7A78-49AB-AD14-71C3C220A9D5}.Debug|Any CPU.Build.0 = Debug|Any CPU
		{3176141D-7A78-49AB-AD14-71C3C220A9D5}.Release|Any CPU.ActiveCfg = Release|Any CPU
		{3176141D-7A78-49AB-AD14-71C3C220A9D5}.Release|Any CPU.Build.0 = Release|Any CPU
	EndGlobalSection
	GlobalSection(SolutionProperties) = preSolution
		HideSolutionNode = FALSE
	EndGlobalSection
EndGlobal
